
Microsoft Visual Studio Solution File, Format Version 12.00
# Visual Studio 15
VisualStudioVersion = 15.0.28307.168
MinimumVisualStudioVersion = 10.0.40219.1
Project("{FAE04EC0-301F-11D3-BF4B-00C04F79EFBC}") = "LogBook", "LogBook\LogBook.csproj", "{DE92A325-33ED-4A51-9DEC-D2CEEA5CBCE9}"
EndProject
Global
	GlobalSection(SolutionConfigurationPlatforms) = preSolution
		Debug|Any CPU = Debug|Any CPU
		Release|Any CPU = Release|Any CPU
	EndGlobalSection
	GlobalSection(ProjectConfigurationPlatforms) = postSolution
		{DE92A325-33ED-4A51-9DEC-D2CEEA5CBCE9}.Debug|Any CPU.ActiveCfg = Debug|Any CPU
		{DE92A325-33ED-4A51-9DEC-D2CEEA5CBCE9}.Debug|Any CPU.Build.0 = Debug|Any CPU
		{DE92A325-33ED-4A51-9DEC-D2CEEA5CBCE9}.Release|Any CPU.ActiveCfg = Release|Any CPU
		{DE92A325-33ED-4A51-9DEC-D2CEEA5CBCE9}.Release|Any CPU.Build.0 = Release|Any CPU
	EndGlobalSection
	GlobalSection(SolutionProperties) = preSolution
		HideSolutionNode = FALSE
	EndGlobalSection
	GlobalSection(ExtensibilityGlobals) = postSolution
		SolutionGuid = {5F7A3725-71C1-4745-9BDA-711FB6041D7C}
	EndGlobalSection
EndGlobal
